{
  "nodes": {
    "dotfiles-awesome": {
      "inputs": {
        "nixpkgs": "nixpkgs",
        "wallpaper-generator": "wallpaper-generator"
      },
      "locked": {
        "lastModified": 1610093426,
        "narHash": "sha256-WSfMB1ET0EAAfRasWjty3SkXfH+S+d2Xb+KLz+MWntE=",
        "owner": "pinpox",
        "repo": "dotfiles-awesome",
        "rev": "07d1cbde0f649c7fe17b4b3f4e8d93ec69ae8989",
        "type": "github"
      },
      "original": {
        "owner": "pinpox",
        "repo": "dotfiles-awesome",
        "type": "github"
      }
    },
    "nixpkgs": {
      "locked": {
        "lastModified": 1609866355,
        "narHash": "sha256-TMzb8nMePC4OusDde+xv8AIgbNYuFku/dlLkPO/hifM=",
        "owner": "nixos",
        "repo": "nixpkgs",
        "rev": "d9dba88d08a9cdf483c3d45f0d7220cf97a4ce64",
        "type": "github"
      },
      "original": {
        "owner": "nixos",
        "ref": "nixos-unstable",
        "repo": "nixpkgs",
        "type": "github"
      }
    },
    "nixpkgs_2": {
      "locked": {
        "lastModified": 1609866355,
        "narHash": "sha256-TMzb8nMePC4OusDde+xv8AIgbNYuFku/dlLkPO/hifM=",
        "path": "/nix/store/9kfzklpzv0bh5v7xidriwy7pq07drza8-source",
        "rev": "d9dba88d08a9cdf483c3d45f0d7220cf97a4ce64",
        "type": "path"
      },
      "original": {
        "id": "nixpkgs",
        "type": "indirect"
      }
    },
    "nur": {
      "locked": {
        "lastModified": 1610093072,
        "narHash": "sha256-sAPBrxqj1qyILK+Bq60dOlnOicG7gQpM2BeOlwXAIUU=",
        "owner": "nix-community",
        "repo": "NUR",
        "rev": "a112401beda37d85455e2cd6cb191ba9e05b013b",
        "type": "github"
      },
      "original": {
        "owner": "nix-community",
        "repo": "NUR",
        "type": "github"
      }
    },
    "root": {
      "inputs": {
        "dotfiles-awesome": "dotfiles-awesome",
        "nixpkgs": "nixpkgs_2",
        "nur": "nur"
      }
    },
    "wallpaper-generator": {
      "flake": false,
      "locked": {
        "lastModified": 1609537219,
        "narHash": "sha256-AZRZKvx5nBfxOWvxE70WAfvf1qBq7i0M0TsMZAVNf3A=",
        "owner": "pinpox",
        "repo": "wallpaper-generator",
        "rev": "0fd5b09e60d7047947da87f0f5860b311ae7bea1",
        "type": "github"
      },
      "original": {
        "owner": "pinpox",
        "repo": "wallpaper-generator",
        "type": "github"
      }
    }
  },
  "root": "root",
  "version": 7
}
