{
  "nodes": {
    "dotfiles-awesome": {
      "inputs": {
        "nixpkgs": "nixpkgs"
      },
      "locked": {
        "lastModified": 1609541429,
        "narHash": "sha256-gG4ETL+lo5ZUB2LdGVUPydKCQ4+5e2YvWJKzJmBv//4=",
        "owner": "pinpox",
        "repo": "dotfiles-awesome",
        "rev": "3c203396237cb53518fa9fcf543ba0eb23962cac",
        "type": "github"
      },
      "original": {
        "owner": "pinpox",
        "repo": "dotfiles-awesome",
        "type": "github"
      }
    },
    "nixpkgs": {
      "locked": {
        "lastModified": 1609254719,
        "narHash": "sha256-XB3391z8r81Bt8NfQzB+tYdTWoraY0QVdXM21JhfW+Y=",
        "owner": "nixos",
        "repo": "nixpkgs",
        "rev": "733e537a8ad76fd355b6f501127f7d0eb8861775",
        "type": "github"
      },
      "original": {
        "owner": "nixos",
        "ref": "nixos-unstable",
        "repo": "nixpkgs",
        "type": "github"
      }
    },
    "nixpkgs_2": {
      "locked": {
        "lastModified": 1609254719,
        "narHash": "sha256-XB3391z8r81Bt8NfQzB+tYdTWoraY0QVdXM21JhfW+Y=",
        "path": "/nix/store/cczavfv0z5fn392v37ypc48555wagvil-source",
        "rev": "733e537a8ad76fd355b6f501127f7d0eb8861775",
        "type": "path"
      },
      "original": {
        "id": "nixpkgs",
        "type": "indirect"
      }
    },
    "nur": {
      "locked": {
        "lastModified": 1609526390,
        "narHash": "sha256-XUQCSI5L2j95zXcxmNQ73Kcs+J1ttZEKp+00lu8NqaM=",
        "owner": "nix-community",
        "repo": "NUR",
        "rev": "f4eece530ded4a64176489d481d6e92d64019361",
        "type": "github"
      },
      "original": {
        "owner": "nix-community",
        "repo": "NUR",
        "type": "github"
      }
    },
    "root": {
      "inputs": {
        "dotfiles-awesome": "dotfiles-awesome",
        "nixpkgs": "nixpkgs_2",
        "nur": "nur"
      }
    }
  },
  "root": "root",
  "version": 7
}
