{
  "nodes": {
    "dotfiles-awesome": {
      "inputs": {
        "nixpkgs": "nixpkgs",
        "wallpaper-generator": "wallpaper-generator"
      },
      "locked": {
        "lastModified": 1610991609,
        "narHash": "sha256-iTaxi4glan85OEeUbQ2P41bmz9T7LQWvfw1xJfbVBvg=",
        "owner": "pinpox",
        "repo": "dotfiles-awesome",
        "rev": "718460d27ee8b6cf6fd7cff0570ed031a9bb4b8d",
        "type": "github"
      },
      "original": {
        "owner": "pinpox",
        "repo": "dotfiles-awesome",
        "type": "github"
      }
    },
    "nixpkgs": {
      "locked": {
        "lastModified": 1610842533,
        "narHash": "sha256-6hW8CML8RnNrRJMv7E56rXAhsCNgUM97HIVSqWxnO64=",
        "owner": "nixos",
        "repo": "nixpkgs",
        "rev": "68398d2dd50efc2d878bf0f83bbc8bc323b6b0e0",
        "type": "github"
      },
      "original": {
        "owner": "nixos",
        "ref": "nixos-unstable",
        "repo": "nixpkgs",
        "type": "github"
      }
    },
    "nixpkgs_2": {
      "locked": {
        "lastModified": 1612369752,
        "narHash": "sha256-JtncDAt+qqUvdaIEpXmLXveu/AeXOPOYGDbpPoG2zgA=",
        "path": "/nix/store/r52bwmn85n4k1g5xgny3v7acjqfb8spb-source",
        "rev": "7cbec40a09533dd9c525d6ab94dddfe77768101a",
        "type": "path"
      },
      "original": {
        "id": "nixpkgs",
        "type": "indirect"
      }
    },
    "nur": {
      "locked": {
        "lastModified": 1613719322,
        "narHash": "sha256-fIlXAculwTXxn7gu13htmRdSSVh0dNRA2vcKXi6j6iU=",
        "owner": "nix-community",
        "repo": "NUR",
        "rev": "b2803283107f29396380b49d8ca15776ae0ed088",
        "type": "github"
      },
      "original": {
        "owner": "nix-community",
        "repo": "NUR",
        "type": "github"
      }
    },
    "root": {
      "inputs": {
        "dotfiles-awesome": "dotfiles-awesome",
        "nixpkgs": "nixpkgs_2",
        "nur": "nur"
      }
    },
    "wallpaper-generator": {
      "flake": false,
      "locked": {
        "lastModified": 1610991572,
        "narHash": "sha256-TYnKJr+CIXFNSD18xqOgXD0ck+4HBf+/3ZCuYMhcgGk=",
        "owner": "pinpox",
        "repo": "wallpaper-generator",
        "rev": "9e61ad0de3a924447c7113dac5e1a34a0b8af708",
        "type": "github"
      },
      "original": {
        "owner": "pinpox",
        "repo": "wallpaper-generator",
        "type": "github"
      }
    }
  },
  "root": "root",
  "version": 7
}
